
Microsoft Visual Studio Solution File, Format Version 12.00
# Visual Studio Version 16
VisualStudioVersion = 16.0.31025.218
MinimumVisualStudioVersion = 10.0.40219.1
Project("{9A19103F-16F7-4668-BE54-9A1E7A4F7556}") = "NupkgInfo", "NupkgInfo.csproj", "{DDD61833-EC0C-4E56-BED6-8B8A479172DE}"
EndProject
Global
	GlobalSection(SolutionConfigurationPlatforms) = preSolution
		Debug|Any CPU = Debug|Any CPU
		Release|Any CPU = Release|Any CPU
	EndGlobalSection
	GlobalSection(ProjectConfigurationPlatforms) = postSolution
		{DDD61833-EC0C-4E56-BED6-8B8A479172DE}.Debug|Any CPU.ActiveCfg = Debug|Any CPU
		{DDD61833-EC0C-4E56-BED6-8B8A479172DE}.Debug|Any CPU.Build.0 = Debug|Any CPU
		{DDD61833-EC0C-4E56-BED6-8B8A479172DE}.Release|Any CPU.ActiveCfg = Release|Any CPU
		{DDD61833-EC0C-4E56-BED6-8B8A479172DE}.Release|Any CPU.Build.0 = Release|Any CPU
	EndGlobalSection
	GlobalSection(SolutionProperties) = preSolution
		HideSolutionNode = FALSE
	EndGlobalSection
	GlobalSection(ExtensibilityGlobals) = postSolution
		SolutionGuid = {80C9B67F-C915-458E-BC67-96D7AC815357}
	EndGlobalSection
EndGlobal
